// !$*UTF8*$!
{
	archiveVersion = 1;
	classes = {
	};
	objectVersion = 55;
	objects = {

/* Begin PBXBuildFile section */
		1D11188D295C1CB300B3EAD3 /* RemoteFeedItem.swift in Sources */ = {isa = PBXBuildFile; fileRef = 1D11188C295C1CB300B3EAD3 /* RemoteFeedItem.swift */; };
		1D11188F295C1CFF00B3EAD3 /* LocalFeedImage.swift in Sources */ = {isa = PBXBuildFile; fileRef = 1D11188E295C1CFF00B3EAD3 /* LocalFeedImage.swift */; };
		1D1F0CB52970A91C005F9FB6 /* CoreDataHelpers.swift in Sources */ = {isa = PBXBuildFile; fileRef = 1D1F0CB42970A91C005F9FB6 /* CoreDataHelpers.swift */; };
		1D1F0CB72970A97C005F9FB6 /* ManagedCache.swift in Sources */ = {isa = PBXBuildFile; fileRef = 1D1F0CB62970A97C005F9FB6 /* ManagedCache.swift */; };
		1D1F0CB92970A9C3005F9FB6 /* ManagedFeedImage.swift in Sources */ = {isa = PBXBuildFile; fileRef = 1D1F0CB82970A9C3005F9FB6 /* ManagedFeedImage.swift */; };
		1D1F0CC12970B091005F9FB6 /* EssentialFeedCacheIntegrationTests.swift in Sources */ = {isa = PBXBuildFile; fileRef = 1D1F0CC02970B091005F9FB6 /* EssentialFeedCacheIntegrationTests.swift */; };
		1D1F0CC22970B091005F9FB6 /* EssentialFeed.framework in Frameworks */ = {isa = PBXBuildFile; fileRef = 1DB0FFF3291F0083006A1A06 /* EssentialFeed.framework */; };
		1D1F0CC82970B536005F9FB6 /* XCTestCase+MemoryLeakTracking.swift in Sources */ = {isa = PBXBuildFile; fileRef = 1DA6541E292D2CD5004DEE8A /* XCTestCase+MemoryLeakTracking.swift */; };
		1D1F0CC92970B73A005F9FB6 /* FeedCacheTestHelpers.swift in Sources */ = {isa = PBXBuildFile; fileRef = 84C1B120296A47A50073AD86 /* FeedCacheTestHelpers.swift */; };
		1D1F0CCA2970B751005F9FB6 /* SharedTestHelpers.swift in Sources */ = {isa = PBXBuildFile; fileRef = 84C1B11D296A45FC0073AD86 /* SharedTestHelpers.swift */; };
		1D27B78F29789AF500EFB55D /* EssentialFeediOS.docc in Sources */ = {isa = PBXBuildFile; fileRef = 1D27B78E29789AF500EFB55D /* EssentialFeediOS.docc */; };
		1D27B79529789AF500EFB55D /* EssentialFeediOS.framework in Frameworks */ = {isa = PBXBuildFile; fileRef = 1D27B78B29789AF500EFB55D /* EssentialFeediOS.framework */; };
		1D27B7A3297B1FFD00EFB55D /* FeedViewControllerTests.swift in Sources */ = {isa = PBXBuildFile; fileRef = 1D27B7A2297B1FFD00EFB55D /* FeedViewControllerTests.swift */; };
		1D27B7A5297B240F00EFB55D /* EssentialFeed.framework in Frameworks */ = {isa = PBXBuildFile; fileRef = 1DB0FFF3291F0083006A1A06 /* EssentialFeed.framework */; platformFilter = ios; };
		1D27B7A6297B240F00EFB55D /* EssentialFeed.framework in Embed Frameworks */ = {isa = PBXBuildFile; fileRef = 1DB0FFF3291F0083006A1A06 /* EssentialFeed.framework */; platformFilter = ios; settings = {ATTRIBUTES = (CodeSignOnCopy, RemoveHeadersOnCopy, ); }; };
		1D27B7AA297B251800EFB55D /* XCTestCase+MemoryLeakTracking.swift in Sources */ = {isa = PBXBuildFile; fileRef = 1DA6541E292D2CD5004DEE8A /* XCTestCase+MemoryLeakTracking.swift */; };
		1D27B7AC297B2ECD00EFB55D /* FeedViewController.swift in Sources */ = {isa = PBXBuildFile; fileRef = 1D27B7AB297B2ECD00EFB55D /* FeedViewController.swift */; };
		1D27B7AE297B38C500EFB55D /* FeedImageCell.swift in Sources */ = {isa = PBXBuildFile; fileRef = 1D27B7AD297B38C500EFB55D /* FeedImageCell.swift */; };
		1D27B7B0297E3E0900EFB55D /* UIView+Shimmering.swift in Sources */ = {isa = PBXBuildFile; fileRef = 1D27B7AF297E3E0900EFB55D /* UIView+Shimmering.swift */; };
		1D297B0A296F24D400A4472D /* FeedStoreSpecs.swift in Sources */ = {isa = PBXBuildFile; fileRef = 1D297B09296F24D300A4472D /* FeedStoreSpecs.swift */; };
		1D297B0C296F25DA00A4472D /* XCTestCase+FeedStoreSpecs.swift in Sources */ = {isa = PBXBuildFile; fileRef = 1D297B0B296F25DA00A4472D /* XCTestCase+FeedStoreSpecs.swift */; };
		1D297B0E296F391A00A4472D /* XCTestCase+FailableRetrieveFeedStoreSpecs.swift in Sources */ = {isa = PBXBuildFile; fileRef = 1D297B0D296F391A00A4472D /* XCTestCase+FailableRetrieveFeedStoreSpecs.swift */; };
		1D297B10296F39A700A4472D /* XCTestCase+FailableInsertFeedStoreSpecs.swift in Sources */ = {isa = PBXBuildFile; fileRef = 1D297B0F296F39A700A4472D /* XCTestCase+FailableInsertFeedStoreSpecs.swift */; };
		1D297B12296F3A3300A4472D /* XCTestCase+FailableDeleteFeedStoreSpecs.swift in Sources */ = {isa = PBXBuildFile; fileRef = 1D297B11296F3A3300A4472D /* XCTestCase+FailableDeleteFeedStoreSpecs.swift */; };
		1D297B15296F424C00A4472D /* CoreDataFeedStoreTests.swift in Sources */ = {isa = PBXBuildFile; fileRef = 1D297B14296F424C00A4472D /* CoreDataFeedStoreTests.swift */; };
		1D297B17296F447500A4472D /* CoreDataFeedStore.swift in Sources */ = {isa = PBXBuildFile; fileRef = 1D297B16296F447500A4472D /* CoreDataFeedStore.swift */; };
		1D297B1A296F470A00A4472D /* FeedStore.xcdatamodeld in Sources */ = {isa = PBXBuildFile; fileRef = 1D297B18296F470A00A4472D /* FeedStore.xcdatamodeld */; };
		1D42C9FE298C44A10064EC49 /* UIImage+TestHelpers.swift in Sources */ = {isa = PBXBuildFile; fileRef = 1D42C9FD298C44A10064EC49 /* UIImage+TestHelpers.swift */; };
		1D42CA00298C452E0064EC49 /* UIRefreshControl+TestHelpers.swift in Sources */ = {isa = PBXBuildFile; fileRef = 1D42C9FF298C452E0064EC49 /* UIRefreshControl+TestHelpers.swift */; };
		1D42CA02298C45FD0064EC49 /* UIButton+TestHelpers.swift in Sources */ = {isa = PBXBuildFile; fileRef = 1D42CA01298C45FD0064EC49 /* UIButton+TestHelpers.swift */; };
		1D42CA04298C46520064EC49 /* UIControl+TestHelpers.swift in Sources */ = {isa = PBXBuildFile; fileRef = 1D42CA03298C46520064EC49 /* UIControl+TestHelpers.swift */; };
		1D4DC6552926D648004C689B /* HTTPClient.swift in Sources */ = {isa = PBXBuildFile; fileRef = 1D4DC6542926D648004C689B /* HTTPClient.swift */; };
		1D4DC6572926D6B7004C689B /* FeedItemsMapper.swift in Sources */ = {isa = PBXBuildFile; fileRef = 1D4DC6562926D6B7004C689B /* FeedItemsMapper.swift */; };
		1D4DC65C2928373D004C689B /* URLSessionHTTPClientTests.swift in Sources */ = {isa = PBXBuildFile; fileRef = 1D4DC65B2928373D004C689B /* URLSessionHTTPClientTests.swift */; };
		1D6043EB2964ABFB0082EC21 /* LoadFeedFromCacheUseCaseTests.swift in Sources */ = {isa = PBXBuildFile; fileRef = 1D6043EA2964ABFB0082EC21 /* LoadFeedFromCacheUseCaseTests.swift */; };
		1D6043EE2964AD790082EC21 /* FeedStoreSpy.swift in Sources */ = {isa = PBXBuildFile; fileRef = 1D6043ED2964AD790082EC21 /* FeedStoreSpy.swift */; };
		1D6DD28529355C430055490B /* CacheFeedUseCaseTests.swift in Sources */ = {isa = PBXBuildFile; fileRef = 1D6DD28429355C430055490B /* CacheFeedUseCaseTests.swift */; };
		1D6DD2882936AE730055490B /* LocalFeedLoader.swift in Sources */ = {isa = PBXBuildFile; fileRef = 1D6DD2872936AE730055490B /* LocalFeedLoader.swift */; };
		1D6DD28A2936AF130055490B /* FeedStore.swift in Sources */ = {isa = PBXBuildFile; fileRef = 1D6DD2892936AF130055490B /* FeedStore.swift */; };
		1DA6541F292D2CD5004DEE8A /* XCTestCase+MemoryLeakTracking.swift in Sources */ = {isa = PBXBuildFile; fileRef = 1DA6541E292D2CD5004DEE8A /* XCTestCase+MemoryLeakTracking.swift */; };
		1DA65421292D6838004DEE8A /* URLSessionHTTPClient.swift in Sources */ = {isa = PBXBuildFile; fileRef = 1DA65420292D6838004DEE8A /* URLSessionHTTPClient.swift */; };
		1DA65429292D7547004DEE8A /* EssentialFeedAPIEndToEndTests.swift in Sources */ = {isa = PBXBuildFile; fileRef = 1DA65428292D7547004DEE8A /* EssentialFeedAPIEndToEndTests.swift */; };
		1DA6542A292D7547004DEE8A /* EssentialFeed.framework in Frameworks */ = {isa = PBXBuildFile; fileRef = 1DB0FFF3291F0083006A1A06 /* EssentialFeed.framework */; };
		1DB0000E291F00C5006A1A06 /* FeedImage.swift in Sources */ = {isa = PBXBuildFile; fileRef = 1DB0000D291F00C5006A1A06 /* FeedImage.swift */; };
		1DB000102922CE5D006A1A06 /* FeedLoader.swift in Sources */ = {isa = PBXBuildFile; fileRef = 1DB0000F2922CE5D006A1A06 /* FeedLoader.swift */; };
		1DB000132922D2D5006A1A06 /* LoadFeedFromRemoteUseCaseTests.swift in Sources */ = {isa = PBXBuildFile; fileRef = 1DB000122922D2D5006A1A06 /* LoadFeedFromRemoteUseCaseTests.swift */; };
		1DB000162922E28F006A1A06 /* RemoteFeedLoader.swift in Sources */ = {isa = PBXBuildFile; fileRef = 1DB000152922E28F006A1A06 /* RemoteFeedLoader.swift */; };
		1DB0FFF8291F0083006A1A06 /* EssentialFeed.docc in Sources */ = {isa = PBXBuildFile; fileRef = 1DB0FFF7291F0083006A1A06 /* EssentialFeed.docc */; };
		1DB0FFFE291F0083006A1A06 /* EssentialFeed.framework in Frameworks */ = {isa = PBXBuildFile; fileRef = 1DB0FFF3291F0083006A1A06 /* EssentialFeed.framework */; };
		1DBBB3E1292D7EA900A70B39 /* XCTestCase+MemoryLeakTracking.swift in Sources */ = {isa = PBXBuildFile; fileRef = 1DA6541E292D2CD5004DEE8A /* XCTestCase+MemoryLeakTracking.swift */; };
		1DFABB6F2967808B00B99974 /* ValidateFeedCacheUseCaseTests.swift in Sources */ = {isa = PBXBuildFile; fileRef = 1DFABB6E2967808B00B99974 /* ValidateFeedCacheUseCaseTests.swift */; };
		84090297296A85880090027F /* FeedCachePolicy.swift in Sources */ = {isa = PBXBuildFile; fileRef = 84090296296A85880090027F /* FeedCachePolicy.swift */; };
		843BA083296BBE06002C963E /* CodableFeedStore.swift in Sources */ = {isa = PBXBuildFile; fileRef = 843BA082296BBE06002C963E /* CodableFeedStore.swift */; };
		84B76FA9296AA21900449951 /* CodableFeedStoreTests.swift in Sources */ = {isa = PBXBuildFile; fileRef = 84B76FA8296AA21900449951 /* CodableFeedStoreTests.swift */; };
		84C1B11E296A45FC0073AD86 /* SharedTestHelpers.swift in Sources */ = {isa = PBXBuildFile; fileRef = 84C1B11D296A45FC0073AD86 /* SharedTestHelpers.swift */; };
		84C1B11F296A473A0073AD86 /* SharedTestHelpers.swift in Sources */ = {isa = PBXBuildFile; fileRef = 84C1B11D296A45FC0073AD86 /* SharedTestHelpers.swift */; };
		84C1B121296A47A50073AD86 /* FeedCacheTestHelpers.swift in Sources */ = {isa = PBXBuildFile; fileRef = 84C1B120296A47A50073AD86 /* FeedCacheTestHelpers.swift */; };
/* End PBXBuildFile section */

/* Begin PBXContainerItemProxy section */
		1D1F0CC32970B091005F9FB6 /* PBXContainerItemProxy */ = {
			isa = PBXContainerItemProxy;
			containerPortal = 1DB0FFEA291F0082006A1A06 /* Project object */;
			proxyType = 1;
			remoteGlobalIDString = 1DB0FFF2291F0082006A1A06;
			remoteInfo = EssentialFeed;
		};
		1D27B79629789AF500EFB55D /* PBXContainerItemProxy */ = {
			isa = PBXContainerItemProxy;
			containerPortal = 1DB0FFEA291F0082006A1A06 /* Project object */;
			proxyType = 1;
			remoteGlobalIDString = 1D27B78A29789AF500EFB55D;
			remoteInfo = EssentialFeediOS;
		};
		1D27B7A7297B240F00EFB55D /* PBXContainerItemProxy */ = {
			isa = PBXContainerItemProxy;
			containerPortal = 1DB0FFEA291F0082006A1A06 /* Project object */;
			proxyType = 1;
			remoteGlobalIDString = 1DB0FFF2291F0082006A1A06;
			remoteInfo = EssentialFeed;
		};
		1DA6542B292D7547004DEE8A /* PBXContainerItemProxy */ = {
			isa = PBXContainerItemProxy;
			containerPortal = 1DB0FFEA291F0082006A1A06 /* Project object */;
			proxyType = 1;
			remoteGlobalIDString = 1DB0FFF2291F0082006A1A06;
			remoteInfo = EssentialFeed;
		};
		1DB0FFFF291F0083006A1A06 /* PBXContainerItemProxy */ = {
			isa = PBXContainerItemProxy;
			containerPortal = 1DB0FFEA291F0082006A1A06 /* Project object */;
			proxyType = 1;
			remoteGlobalIDString = 1DB0FFF2291F0082006A1A06;
			remoteInfo = EssentialFeed;
		};
/* End PBXContainerItemProxy section */

/* Begin PBXCopyFilesBuildPhase section */
		1D27B7A9297B240F00EFB55D /* Embed Frameworks */ = {
			isa = PBXCopyFilesBuildPhase;
			buildActionMask = 2147483647;
			dstPath = "";
			dstSubfolderSpec = 10;
			files = (
				1D27B7A6297B240F00EFB55D /* EssentialFeed.framework in Embed Frameworks */,
			);
			name = "Embed Frameworks";
			runOnlyForDeploymentPostprocessing = 0;
		};
/* End PBXCopyFilesBuildPhase section */

/* Begin PBXFileReference section */
		1D11188C295C1CB300B3EAD3 /* RemoteFeedItem.swift */ = {isa = PBXFileReference; lastKnownFileType = sourcecode.swift; path = RemoteFeedItem.swift; sourceTree = "<group>"; };
		1D11188E295C1CFF00B3EAD3 /* LocalFeedImage.swift */ = {isa = PBXFileReference; lastKnownFileType = sourcecode.swift; path = LocalFeedImage.swift; sourceTree = "<group>"; };
		1D1F0CB42970A91C005F9FB6 /* CoreDataHelpers.swift */ = {isa = PBXFileReference; lastKnownFileType = sourcecode.swift; path = CoreDataHelpers.swift; sourceTree = "<group>"; };
		1D1F0CB62970A97C005F9FB6 /* ManagedCache.swift */ = {isa = PBXFileReference; lastKnownFileType = sourcecode.swift; path = ManagedCache.swift; sourceTree = "<group>"; };
		1D1F0CB82970A9C3005F9FB6 /* ManagedFeedImage.swift */ = {isa = PBXFileReference; lastKnownFileType = sourcecode.swift; path = ManagedFeedImage.swift; sourceTree = "<group>"; };
		1D1F0CBE2970B091005F9FB6 /* EssentialFeedCacheIntegrationTests.xctest */ = {isa = PBXFileReference; explicitFileType = wrapper.cfbundle; includeInIndex = 0; path = EssentialFeedCacheIntegrationTests.xctest; sourceTree = BUILT_PRODUCTS_DIR; };
		1D1F0CC02970B091005F9FB6 /* EssentialFeedCacheIntegrationTests.swift */ = {isa = PBXFileReference; lastKnownFileType = sourcecode.swift; path = EssentialFeedCacheIntegrationTests.swift; sourceTree = "<group>"; };
		1D27B78B29789AF500EFB55D /* EssentialFeediOS.framework */ = {isa = PBXFileReference; explicitFileType = wrapper.framework; includeInIndex = 0; path = EssentialFeediOS.framework; sourceTree = BUILT_PRODUCTS_DIR; };
		1D27B78E29789AF500EFB55D /* EssentialFeediOS.docc */ = {isa = PBXFileReference; lastKnownFileType = folder.documentationcatalog; path = EssentialFeediOS.docc; sourceTree = "<group>"; };
		1D27B79429789AF500EFB55D /* EssentialFeediOSTests.xctest */ = {isa = PBXFileReference; explicitFileType = wrapper.cfbundle; includeInIndex = 0; path = EssentialFeediOSTests.xctest; sourceTree = BUILT_PRODUCTS_DIR; };
		1D27B7A2297B1FFD00EFB55D /* FeedViewControllerTests.swift */ = {isa = PBXFileReference; lastKnownFileType = sourcecode.swift; path = FeedViewControllerTests.swift; sourceTree = "<group>"; };
		1D27B7AB297B2ECD00EFB55D /* FeedViewController.swift */ = {isa = PBXFileReference; lastKnownFileType = sourcecode.swift; path = FeedViewController.swift; sourceTree = "<group>"; };
		1D27B7AD297B38C500EFB55D /* FeedImageCell.swift */ = {isa = PBXFileReference; lastKnownFileType = sourcecode.swift; path = FeedImageCell.swift; sourceTree = "<group>"; };
		1D27B7AF297E3E0900EFB55D /* UIView+Shimmering.swift */ = {isa = PBXFileReference; lastKnownFileType = sourcecode.swift; path = "UIView+Shimmering.swift"; sourceTree = "<group>"; };
		1D297B09296F24D300A4472D /* FeedStoreSpecs.swift */ = {isa = PBXFileReference; lastKnownFileType = sourcecode.swift; path = FeedStoreSpecs.swift; sourceTree = "<group>"; };
		1D297B0B296F25DA00A4472D /* XCTestCase+FeedStoreSpecs.swift */ = {isa = PBXFileReference; lastKnownFileType = sourcecode.swift; path = "XCTestCase+FeedStoreSpecs.swift"; sourceTree = "<group>"; };
		1D297B0D296F391A00A4472D /* XCTestCase+FailableRetrieveFeedStoreSpecs.swift */ = {isa = PBXFileReference; lastKnownFileType = sourcecode.swift; path = "XCTestCase+FailableRetrieveFeedStoreSpecs.swift"; sourceTree = "<group>"; };
		1D297B0F296F39A700A4472D /* XCTestCase+FailableInsertFeedStoreSpecs.swift */ = {isa = PBXFileReference; lastKnownFileType = sourcecode.swift; path = "XCTestCase+FailableInsertFeedStoreSpecs.swift"; sourceTree = "<group>"; };
		1D297B11296F3A3300A4472D /* XCTestCase+FailableDeleteFeedStoreSpecs.swift */ = {isa = PBXFileReference; lastKnownFileType = sourcecode.swift; path = "XCTestCase+FailableDeleteFeedStoreSpecs.swift"; sourceTree = "<group>"; };
		1D297B14296F424C00A4472D /* CoreDataFeedStoreTests.swift */ = {isa = PBXFileReference; lastKnownFileType = sourcecode.swift; path = CoreDataFeedStoreTests.swift; sourceTree = "<group>"; };
		1D297B16296F447500A4472D /* CoreDataFeedStore.swift */ = {isa = PBXFileReference; lastKnownFileType = sourcecode.swift; path = CoreDataFeedStore.swift; sourceTree = "<group>"; };
		1D297B19296F470A00A4472D /* FeedStore.xcdatamodel */ = {isa = PBXFileReference; lastKnownFileType = wrapper.xcdatamodel; path = FeedStore.xcdatamodel; sourceTree = "<group>"; };
		1D42C9FD298C44A10064EC49 /* UIImage+TestHelpers.swift */ = {isa = PBXFileReference; lastKnownFileType = sourcecode.swift; path = "UIImage+TestHelpers.swift"; sourceTree = "<group>"; };
		1D42C9FF298C452E0064EC49 /* UIRefreshControl+TestHelpers.swift */ = {isa = PBXFileReference; lastKnownFileType = sourcecode.swift; path = "UIRefreshControl+TestHelpers.swift"; sourceTree = "<group>"; };
		1D42CA01298C45FD0064EC49 /* UIButton+TestHelpers.swift */ = {isa = PBXFileReference; lastKnownFileType = sourcecode.swift; path = "UIButton+TestHelpers.swift"; sourceTree = "<group>"; };
		1D42CA03298C46520064EC49 /* UIControl+TestHelpers.swift */ = {isa = PBXFileReference; lastKnownFileType = sourcecode.swift; path = "UIControl+TestHelpers.swift"; sourceTree = "<group>"; };
		1D4DC6542926D648004C689B /* HTTPClient.swift */ = {isa = PBXFileReference; lastKnownFileType = sourcecode.swift; path = HTTPClient.swift; sourceTree = "<group>"; };
		1D4DC6562926D6B7004C689B /* FeedItemsMapper.swift */ = {isa = PBXFileReference; lastKnownFileType = sourcecode.swift; path = FeedItemsMapper.swift; sourceTree = "<group>"; };
		1D4DC65B2928373D004C689B /* URLSessionHTTPClientTests.swift */ = {isa = PBXFileReference; lastKnownFileType = sourcecode.swift; path = URLSessionHTTPClientTests.swift; sourceTree = "<group>"; };
		1D6043EA2964ABFB0082EC21 /* LoadFeedFromCacheUseCaseTests.swift */ = {isa = PBXFileReference; lastKnownFileType = sourcecode.swift; path = LoadFeedFromCacheUseCaseTests.swift; sourceTree = "<group>"; };
		1D6043ED2964AD790082EC21 /* FeedStoreSpy.swift */ = {isa = PBXFileReference; lastKnownFileType = sourcecode.swift; path = FeedStoreSpy.swift; sourceTree = "<group>"; };
		1D6DD28429355C430055490B /* CacheFeedUseCaseTests.swift */ = {isa = PBXFileReference; lastKnownFileType = sourcecode.swift; path = CacheFeedUseCaseTests.swift; sourceTree = "<group>"; };
		1D6DD2872936AE730055490B /* LocalFeedLoader.swift */ = {isa = PBXFileReference; lastKnownFileType = sourcecode.swift; path = LocalFeedLoader.swift; sourceTree = "<group>"; };
		1D6DD2892936AF130055490B /* FeedStore.swift */ = {isa = PBXFileReference; lastKnownFileType = sourcecode.swift; path = FeedStore.swift; sourceTree = "<group>"; };
		1DA6541E292D2CD5004DEE8A /* XCTestCase+MemoryLeakTracking.swift */ = {isa = PBXFileReference; lastKnownFileType = sourcecode.swift; path = "XCTestCase+MemoryLeakTracking.swift"; sourceTree = "<group>"; };
		1DA65420292D6838004DEE8A /* URLSessionHTTPClient.swift */ = {isa = PBXFileReference; lastKnownFileType = sourcecode.swift; path = URLSessionHTTPClient.swift; sourceTree = "<group>"; };
		1DA65426292D7546004DEE8A /* EssentialFeedAPIEndToEndTests.xctest */ = {isa = PBXFileReference; explicitFileType = wrapper.cfbundle; includeInIndex = 0; path = EssentialFeedAPIEndToEndTests.xctest; sourceTree = BUILT_PRODUCTS_DIR; };
		1DA65428292D7547004DEE8A /* EssentialFeedAPIEndToEndTests.swift */ = {isa = PBXFileReference; lastKnownFileType = sourcecode.swift; path = EssentialFeedAPIEndToEndTests.swift; sourceTree = "<group>"; };
		1DB0000D291F00C5006A1A06 /* FeedImage.swift */ = {isa = PBXFileReference; lastKnownFileType = sourcecode.swift; path = FeedImage.swift; sourceTree = "<group>"; };
		1DB0000F2922CE5D006A1A06 /* FeedLoader.swift */ = {isa = PBXFileReference; lastKnownFileType = sourcecode.swift; path = FeedLoader.swift; sourceTree = "<group>"; };
		1DB000122922D2D5006A1A06 /* LoadFeedFromRemoteUseCaseTests.swift */ = {isa = PBXFileReference; lastKnownFileType = sourcecode.swift; path = LoadFeedFromRemoteUseCaseTests.swift; sourceTree = "<group>"; };
		1DB000152922E28F006A1A06 /* RemoteFeedLoader.swift */ = {isa = PBXFileReference; lastKnownFileType = sourcecode.swift; path = RemoteFeedLoader.swift; sourceTree = "<group>"; };
		1DB0FFF3291F0083006A1A06 /* EssentialFeed.framework */ = {isa = PBXFileReference; explicitFileType = wrapper.framework; includeInIndex = 0; path = EssentialFeed.framework; sourceTree = BUILT_PRODUCTS_DIR; };
		1DB0FFF7291F0083006A1A06 /* EssentialFeed.docc */ = {isa = PBXFileReference; lastKnownFileType = folder.documentationcatalog; path = EssentialFeed.docc; sourceTree = "<group>"; };
		1DB0FFFD291F0083006A1A06 /* EssentialFeedTests.xctest */ = {isa = PBXFileReference; explicitFileType = wrapper.cfbundle; includeInIndex = 0; path = EssentialFeedTests.xctest; sourceTree = BUILT_PRODUCTS_DIR; };
		1DFABB6E2967808B00B99974 /* ValidateFeedCacheUseCaseTests.swift */ = {isa = PBXFileReference; lastKnownFileType = sourcecode.swift; path = ValidateFeedCacheUseCaseTests.swift; sourceTree = "<group>"; };
		84090296296A85880090027F /* FeedCachePolicy.swift */ = {isa = PBXFileReference; lastKnownFileType = sourcecode.swift; path = FeedCachePolicy.swift; sourceTree = "<group>"; };
		843BA082296BBE06002C963E /* CodableFeedStore.swift */ = {isa = PBXFileReference; lastKnownFileType = sourcecode.swift; path = CodableFeedStore.swift; sourceTree = "<group>"; };
		84B76FA8296AA21900449951 /* CodableFeedStoreTests.swift */ = {isa = PBXFileReference; lastKnownFileType = sourcecode.swift; path = CodableFeedStoreTests.swift; sourceTree = "<group>"; };
		84C1B11D296A45FC0073AD86 /* SharedTestHelpers.swift */ = {isa = PBXFileReference; lastKnownFileType = sourcecode.swift; path = SharedTestHelpers.swift; sourceTree = "<group>"; };
		84C1B120296A47A50073AD86 /* FeedCacheTestHelpers.swift */ = {isa = PBXFileReference; lastKnownFileType = sourcecode.swift; path = FeedCacheTestHelpers.swift; sourceTree = "<group>"; };
/* End PBXFileReference section */

/* Begin PBXFrameworksBuildPhase section */
		1D1F0CBB2970B091005F9FB6 /* Frameworks */ = {
			isa = PBXFrameworksBuildPhase;
			buildActionMask = 2147483647;
			files = (
				1D1F0CC22970B091005F9FB6 /* EssentialFeed.framework in Frameworks */,
			);
			runOnlyForDeploymentPostprocessing = 0;
		};
		1D27B78829789AF500EFB55D /* Frameworks */ = {
			isa = PBXFrameworksBuildPhase;
			buildActionMask = 2147483647;
			files = (
				1D27B7A5297B240F00EFB55D /* EssentialFeed.framework in Frameworks */,
			);
			runOnlyForDeploymentPostprocessing = 0;
		};
		1D27B79129789AF500EFB55D /* Frameworks */ = {
			isa = PBXFrameworksBuildPhase;
			buildActionMask = 2147483647;
			files = (
				1D27B79529789AF500EFB55D /* EssentialFeediOS.framework in Frameworks */,
			);
			runOnlyForDeploymentPostprocessing = 0;
		};
		1DA65423292D7546004DEE8A /* Frameworks */ = {
			isa = PBXFrameworksBuildPhase;
			buildActionMask = 2147483647;
			files = (
				1DA6542A292D7547004DEE8A /* EssentialFeed.framework in Frameworks */,
			);
			runOnlyForDeploymentPostprocessing = 0;
		};
		1DB0FFF0291F0082006A1A06 /* Frameworks */ = {
			isa = PBXFrameworksBuildPhase;
			buildActionMask = 2147483647;
			files = (
			);
			runOnlyForDeploymentPostprocessing = 0;
		};
		1DB0FFFA291F0083006A1A06 /* Frameworks */ = {
			isa = PBXFrameworksBuildPhase;
			buildActionMask = 2147483647;
			files = (
				1DB0FFFE291F0083006A1A06 /* EssentialFeed.framework in Frameworks */,
			);
			runOnlyForDeploymentPostprocessing = 0;
		};
/* End PBXFrameworksBuildPhase section */

/* Begin PBXGroup section */
		1D1F0CB12970A743005F9FB6 /* Infrastructure */ = {
			isa = PBXGroup;
			children = (
				1D1F0CB32970A800005F9FB6 /* Codable */,
				1D1F0CB22970A775005F9FB6 /* CoreData */,
			);
			path = Infrastructure;
			sourceTree = "<group>";
		};
		1D1F0CB22970A775005F9FB6 /* CoreData */ = {
			isa = PBXGroup;
			children = (
				1D297B18296F470A00A4472D /* FeedStore.xcdatamodeld */,
				1D297B16296F447500A4472D /* CoreDataFeedStore.swift */,
				1D1F0CB42970A91C005F9FB6 /* CoreDataHelpers.swift */,
				1D1F0CB62970A97C005F9FB6 /* ManagedCache.swift */,
				1D1F0CB82970A9C3005F9FB6 /* ManagedFeedImage.swift */,
			);
			path = CoreData;
			sourceTree = "<group>";
		};
		1D1F0CB32970A800005F9FB6 /* Codable */ = {
			isa = PBXGroup;
			children = (
				843BA082296BBE06002C963E /* CodableFeedStore.swift */,
			);
			path = Codable;
			sourceTree = "<group>";
		};
		1D1F0CBF2970B091005F9FB6 /* EssentialFeedCacheIntegrationTests */ = {
			isa = PBXGroup;
			children = (
				1D1F0CC02970B091005F9FB6 /* EssentialFeedCacheIntegrationTests.swift */,
			);
			path = EssentialFeedCacheIntegrationTests;
			sourceTree = "<group>";
		};
		1D27B78C29789AF500EFB55D /* EssentialFeediOS */ = {
			isa = PBXGroup;
			children = (
				1D42CA06298C47BA0064EC49 /* Views */,
				1D42CA05298C47AE0064EC49 /* Controllers */,
				1D27B78E29789AF500EFB55D /* EssentialFeediOS.docc */,
			);
			path = EssentialFeediOS;
			sourceTree = "<group>";
		};
		1D27B79829789AF500EFB55D /* EssentialFeediOSTests */ = {
			isa = PBXGroup;
			children = (
				1D42C9FC298C44780064EC49 /* Helpers */,
				1D27B7A2297B1FFD00EFB55D /* FeedViewControllerTests.swift */,
			);
			path = EssentialFeediOSTests;
			sourceTree = "<group>";
		};
		1D27B7A4297B240F00EFB55D /* Frameworks */ = {
			isa = PBXGroup;
			children = (
			);
			name = Frameworks;
			sourceTree = "<group>";
		};
		1D297B13296F3AC800A4472D /* FeedStoreSpecs */ = {
			isa = PBXGroup;
			children = (
				1D297B0B296F25DA00A4472D /* XCTestCase+FeedStoreSpecs.swift */,
				1D297B0D296F391A00A4472D /* XCTestCase+FailableRetrieveFeedStoreSpecs.swift */,
				1D297B0F296F39A700A4472D /* XCTestCase+FailableInsertFeedStoreSpecs.swift */,
				1D297B11296F3A3300A4472D /* XCTestCase+FailableDeleteFeedStoreSpecs.swift */,
			);
			path = FeedStoreSpecs;
			sourceTree = "<group>";
		};
		1D42C9FC298C44780064EC49 /* Helpers */ = {
			isa = PBXGroup;
			children = (
				1D42C9FD298C44A10064EC49 /* UIImage+TestHelpers.swift */,
				1D42C9FF298C452E0064EC49 /* UIRefreshControl+TestHelpers.swift */,
				1D42CA01298C45FD0064EC49 /* UIButton+TestHelpers.swift */,
				1D42CA03298C46520064EC49 /* UIControl+TestHelpers.swift */,
			);
			path = Helpers;
			sourceTree = "<group>";
		};
		1D42CA05298C47AE0064EC49 /* Controllers */ = {
			isa = PBXGroup;
			children = (
				1D27B7AB297B2ECD00EFB55D /* FeedViewController.swift */,
			);
			path = Controllers;
			sourceTree = "<group>";
		};
		1D42CA06298C47BA0064EC49 /* Views */ = {
			isa = PBXGroup;
			children = (
				1D27B7AD297B38C500EFB55D /* FeedImageCell.swift */,
				1D27B7AF297E3E0900EFB55D /* UIView+Shimmering.swift */,
			);
			path = Views;
			sourceTree = "<group>";
		};
		1D4DC6582926DFA9004C689B /* Feed API */ = {
			isa = PBXGroup;
			children = (
				1DB000122922D2D5006A1A06 /* LoadFeedFromRemoteUseCaseTests.swift */,
				1D4DC65B2928373D004C689B /* URLSessionHTTPClientTests.swift */,
			);
			path = "Feed API";
			sourceTree = "<group>";
		};
		1D6043EC2964AD630082EC21 /* Helpers */ = {
			isa = PBXGroup;
			children = (
				1D6043ED2964AD790082EC21 /* FeedStoreSpy.swift */,
				84C1B120296A47A50073AD86 /* FeedCacheTestHelpers.swift */,
			);
			path = Helpers;
			sourceTree = "<group>";
		};
		1D6DD28329355C080055490B /* Feed Cache */ = {
			isa = PBXGroup;
			children = (
				1D297B13296F3AC800A4472D /* FeedStoreSpecs */,
				1D6043EC2964AD630082EC21 /* Helpers */,
				1D6DD28429355C430055490B /* CacheFeedUseCaseTests.swift */,
				1D6043EA2964ABFB0082EC21 /* LoadFeedFromCacheUseCaseTests.swift */,
				1DFABB6E2967808B00B99974 /* ValidateFeedCacheUseCaseTests.swift */,
				84B76FA8296AA21900449951 /* CodableFeedStoreTests.swift */,
				1D297B09296F24D300A4472D /* FeedStoreSpecs.swift */,
				1D297B14296F424C00A4472D /* CoreDataFeedStoreTests.swift */,
			);
			path = "Feed Cache";
			sourceTree = "<group>";
		};
		1D6DD2862936AE4D0055490B /* Feed Cache */ = {
			isa = PBXGroup;
			children = (
				1D1F0CB12970A743005F9FB6 /* Infrastructure */,
				1D6DD2872936AE730055490B /* LocalFeedLoader.swift */,
				1D11188E295C1CFF00B3EAD3 /* LocalFeedImage.swift */,
				1D6DD2892936AF130055490B /* FeedStore.swift */,
				84090296296A85880090027F /* FeedCachePolicy.swift */,
			);
			path = "Feed Cache";
			sourceTree = "<group>";
		};
		1DA6541D292D2C9A004DEE8A /* Helpers */ = {
			isa = PBXGroup;
			children = (
				84C1B11D296A45FC0073AD86 /* SharedTestHelpers.swift */,
				1DA6541E292D2CD5004DEE8A /* XCTestCase+MemoryLeakTracking.swift */,
			);
			path = Helpers;
			sourceTree = "<group>";
		};
		1DA65427292D7547004DEE8A /* EssentialFeedAPIEndToEndTests */ = {
			isa = PBXGroup;
			children = (
				1DA65428292D7547004DEE8A /* EssentialFeedAPIEndToEndTests.swift */,
			);
			path = EssentialFeedAPIEndToEndTests;
			sourceTree = "<group>";
		};
		1DB00001291F0083006A1A06 /* EssentialFeedTests */ = {
			isa = PBXGroup;
			children = (
				1DA6541D292D2C9A004DEE8A /* Helpers */,
				1D6DD28329355C080055490B /* Feed Cache */,
				1D4DC6582926DFA9004C689B /* Feed API */,
			);
			path = EssentialFeedTests;
			sourceTree = "<group>";
		};
		1DB000112922CF72006A1A06 /* Feed Feature */ = {
			isa = PBXGroup;
			children = (
				1DB0000D291F00C5006A1A06 /* FeedImage.swift */,
				1DB0000F2922CE5D006A1A06 /* FeedLoader.swift */,
			);
			path = "Feed Feature";
			sourceTree = "<group>";
		};
		1DB000142922E264006A1A06 /* Feed API */ = {
			isa = PBXGroup;
			children = (
				1DB000152922E28F006A1A06 /* RemoteFeedLoader.swift */,
				1D4DC6542926D648004C689B /* HTTPClient.swift */,
				1D4DC6562926D6B7004C689B /* FeedItemsMapper.swift */,
				1D11188C295C1CB300B3EAD3 /* RemoteFeedItem.swift */,
				1DA65420292D6838004DEE8A /* URLSessionHTTPClient.swift */,
			);
			path = "Feed API";
			sourceTree = "<group>";
		};
		1DB0FFE9291F0082006A1A06 = {
			isa = PBXGroup;
			children = (
				1DB0FFF5291F0083006A1A06 /* EssentialFeed */,
				1DB00001291F0083006A1A06 /* EssentialFeedTests */,
				1DA65427292D7547004DEE8A /* EssentialFeedAPIEndToEndTests */,
				1D1F0CBF2970B091005F9FB6 /* EssentialFeedCacheIntegrationTests */,
				1D27B78C29789AF500EFB55D /* EssentialFeediOS */,
				1D27B79829789AF500EFB55D /* EssentialFeediOSTests */,
				1DB0FFF4291F0083006A1A06 /* Products */,
				1D27B7A4297B240F00EFB55D /* Frameworks */,
			);
			sourceTree = "<group>";
		};
		1DB0FFF4291F0083006A1A06 /* Products */ = {
			isa = PBXGroup;
			children = (
				1DB0FFF3291F0083006A1A06 /* EssentialFeed.framework */,
				1DB0FFFD291F0083006A1A06 /* EssentialFeedTests.xctest */,
				1DA65426292D7546004DEE8A /* EssentialFeedAPIEndToEndTests.xctest */,
				1D1F0CBE2970B091005F9FB6 /* EssentialFeedCacheIntegrationTests.xctest */,
				1D27B78B29789AF500EFB55D /* EssentialFeediOS.framework */,
				1D27B79429789AF500EFB55D /* EssentialFeediOSTests.xctest */,
			);
			name = Products;
			sourceTree = "<group>";
		};
		1DB0FFF5291F0083006A1A06 /* EssentialFeed */ = {
			isa = PBXGroup;
			children = (
				1D6DD2862936AE4D0055490B /* Feed Cache */,
				1DB000112922CF72006A1A06 /* Feed Feature */,
				1DB000142922E264006A1A06 /* Feed API */,
				1DB0FFF7291F0083006A1A06 /* EssentialFeed.docc */,
			);
			path = EssentialFeed;
			sourceTree = "<group>";
		};
/* End PBXGroup section */

/* Begin PBXHeadersBuildPhase section */
		1D27B78629789AF500EFB55D /* Headers */ = {
			isa = PBXHeadersBuildPhase;
			buildActionMask = 2147483647;
			files = (
			);
			runOnlyForDeploymentPostprocessing = 0;
		};
		1DB0FFEE291F0082006A1A06 /* Headers */ = {
			isa = PBXHeadersBuildPhase;
			buildActionMask = 2147483647;
			files = (
			);
			runOnlyForDeploymentPostprocessing = 0;
		};
/* End PBXHeadersBuildPhase section */

/* Begin PBXNativeTarget section */
		1D1F0CBD2970B091005F9FB6 /* EssentialFeedCacheIntegrationTests */ = {
			isa = PBXNativeTarget;
			buildConfigurationList = 1D1F0CC52970B091005F9FB6 /* Build configuration list for PBXNativeTarget "EssentialFeedCacheIntegrationTests" */;
			buildPhases = (
				1D1F0CBA2970B091005F9FB6 /* Sources */,
				1D1F0CBB2970B091005F9FB6 /* Frameworks */,
				1D1F0CBC2970B091005F9FB6 /* Resources */,
			);
			buildRules = (
			);
			dependencies = (
				1D1F0CC42970B091005F9FB6 /* PBXTargetDependency */,
			);
			name = EssentialFeedCacheIntegrationTests;
			productName = EssentialFeedCacheIntegrationTests;
			productReference = 1D1F0CBE2970B091005F9FB6 /* EssentialFeedCacheIntegrationTests.xctest */;
			productType = "com.apple.product-type.bundle.unit-test";
		};
		1D27B78A29789AF500EFB55D /* EssentialFeediOS */ = {
			isa = PBXNativeTarget;
			buildConfigurationList = 1D27B79C29789AF600EFB55D /* Build configuration list for PBXNativeTarget "EssentialFeediOS" */;
			buildPhases = (
				1D27B78629789AF500EFB55D /* Headers */,
				1D27B78729789AF500EFB55D /* Sources */,
				1D27B78829789AF500EFB55D /* Frameworks */,
				1D27B78929789AF500EFB55D /* Resources */,
				1D27B7A9297B240F00EFB55D /* Embed Frameworks */,
			);
			buildRules = (
			);
			dependencies = (
				1D27B7A8297B240F00EFB55D /* PBXTargetDependency */,
			);
			name = EssentialFeediOS;
			productName = EssentialFeediOS;
			productReference = 1D27B78B29789AF500EFB55D /* EssentialFeediOS.framework */;
			productType = "com.apple.product-type.framework";
		};
		1D27B79329789AF500EFB55D /* EssentialFeediOSTests */ = {
			isa = PBXNativeTarget;
			buildConfigurationList = 1D27B79F29789AF600EFB55D /* Build configuration list for PBXNativeTarget "EssentialFeediOSTests" */;
			buildPhases = (
				1D27B79029789AF500EFB55D /* Sources */,
				1D27B79129789AF500EFB55D /* Frameworks */,
				1D27B79229789AF500EFB55D /* Resources */,
			);
			buildRules = (
			);
			dependencies = (
				1D27B79729789AF500EFB55D /* PBXTargetDependency */,
			);
			name = EssentialFeediOSTests;
			productName = EssentialFeediOSTests;
			productReference = 1D27B79429789AF500EFB55D /* EssentialFeediOSTests.xctest */;
			productType = "com.apple.product-type.bundle.unit-test";
		};
		1DA65425292D7546004DEE8A /* EssentialFeedAPIEndToEndTests */ = {
			isa = PBXNativeTarget;
			buildConfigurationList = 1DA6542D292D7547004DEE8A /* Build configuration list for PBXNativeTarget "EssentialFeedAPIEndToEndTests" */;
			buildPhases = (
				1DA65422292D7546004DEE8A /* Sources */,
				1DA65423292D7546004DEE8A /* Frameworks */,
				1DA65424292D7546004DEE8A /* Resources */,
			);
			buildRules = (
			);
			dependencies = (
				1DA6542C292D7547004DEE8A /* PBXTargetDependency */,
			);
			name = EssentialFeedAPIEndToEndTests;
			productName = EssentialFeedAPIEndToEndTests;
			productReference = 1DA65426292D7546004DEE8A /* EssentialFeedAPIEndToEndTests.xctest */;
			productType = "com.apple.product-type.bundle.unit-test";
		};
		1DB0FFF2291F0082006A1A06 /* EssentialFeed */ = {
			isa = PBXNativeTarget;
			buildConfigurationList = 1DB00007291F0083006A1A06 /* Build configuration list for PBXNativeTarget "EssentialFeed" */;
			buildPhases = (
				1DB0FFEE291F0082006A1A06 /* Headers */,
				1DB0FFEF291F0082006A1A06 /* Sources */,
				1DB0FFF0291F0082006A1A06 /* Frameworks */,
				1DB0FFF1291F0082006A1A06 /* Resources */,
			);
			buildRules = (
			);
			dependencies = (
			);
			name = EssentialFeed;
			productName = EssentialFeed;
			productReference = 1DB0FFF3291F0083006A1A06 /* EssentialFeed.framework */;
			productType = "com.apple.product-type.framework";
		};
		1DB0FFFC291F0083006A1A06 /* EssentialFeedTests */ = {
			isa = PBXNativeTarget;
			buildConfigurationList = 1DB0000A291F0083006A1A06 /* Build configuration list for PBXNativeTarget "EssentialFeedTests" */;
			buildPhases = (
				1DB0FFF9291F0083006A1A06 /* Sources */,
				1DB0FFFA291F0083006A1A06 /* Frameworks */,
				1DB0FFFB291F0083006A1A06 /* Resources */,
			);
			buildRules = (
			);
			dependencies = (
				1DB00000291F0083006A1A06 /* PBXTargetDependency */,
			);
			name = EssentialFeedTests;
			productName = EssentialFeedTests;
			productReference = 1DB0FFFD291F0083006A1A06 /* EssentialFeedTests.xctest */;
			productType = "com.apple.product-type.bundle.unit-test";
		};
/* End PBXNativeTarget section */

/* Begin PBXProject section */
		1DB0FFEA291F0082006A1A06 /* Project object */ = {
			isa = PBXProject;
			attributes = {
				BuildIndependentTargetsInParallel = 1;
				LastSwiftUpdateCheck = 1420;
				LastUpgradeCheck = 1410;
				TargetAttributes = {
					1D1F0CBD2970B091005F9FB6 = {
						CreatedOnToolsVersion = 14.2;
					};
					1D27B78A29789AF500EFB55D = {
						CreatedOnToolsVersion = 14.2;
					};
					1D27B79329789AF500EFB55D = {
						CreatedOnToolsVersion = 14.2;
						LastSwiftMigration = 1420;
					};
					1DA65425292D7546004DEE8A = {
						CreatedOnToolsVersion = 14.1;
					};
					1DB0FFF2291F0082006A1A06 = {
						CreatedOnToolsVersion = 13.4.1;
					};
					1DB0FFFC291F0083006A1A06 = {
						CreatedOnToolsVersion = 13.4.1;
					};
				};
			};
			buildConfigurationList = 1DB0FFED291F0082006A1A06 /* Build configuration list for PBXProject "EssentialFeed" */;
			compatibilityVersion = "Xcode 13.0";
			developmentRegion = en;
			hasScannedForEncodings = 0;
			knownRegions = (
				en,
				Base,
			);
			mainGroup = 1DB0FFE9291F0082006A1A06;
			productRefGroup = 1DB0FFF4291F0083006A1A06 /* Products */;
			projectDirPath = "";
			projectRoot = "";
			targets = (
				1DB0FFF2291F0082006A1A06 /* EssentialFeed */,
				1DB0FFFC291F0083006A1A06 /* EssentialFeedTests */,
				1DA65425292D7546004DEE8A /* EssentialFeedAPIEndToEndTests */,
				1D1F0CBD2970B091005F9FB6 /* EssentialFeedCacheIntegrationTests */,
				1D27B78A29789AF500EFB55D /* EssentialFeediOS */,
				1D27B79329789AF500EFB55D /* EssentialFeediOSTests */,
			);
		};
/* End PBXProject section */

/* Begin PBXResourcesBuildPhase section */
		1D1F0CBC2970B091005F9FB6 /* Resources */ = {
			isa = PBXResourcesBuildPhase;
			buildActionMask = 2147483647;
			files = (
			);
			runOnlyForDeploymentPostprocessing = 0;
		};
		1D27B78929789AF500EFB55D /* Resources */ = {
			isa = PBXResourcesBuildPhase;
			buildActionMask = 2147483647;
			files = (
			);
			runOnlyForDeploymentPostprocessing = 0;
		};
		1D27B79229789AF500EFB55D /* Resources */ = {
			isa = PBXResourcesBuildPhase;
			buildActionMask = 2147483647;
			files = (
			);
			runOnlyForDeploymentPostprocessing = 0;
		};
		1DA65424292D7546004DEE8A /* Resources */ = {
			isa = PBXResourcesBuildPhase;
			buildActionMask = 2147483647;
			files = (
			);
			runOnlyForDeploymentPostprocessing = 0;
		};
		1DB0FFF1291F0082006A1A06 /* Resources */ = {
			isa = PBXResourcesBuildPhase;
			buildActionMask = 2147483647;
			files = (
			);
			runOnlyForDeploymentPostprocessing = 0;
		};
		1DB0FFFB291F0083006A1A06 /* Resources */ = {
			isa = PBXResourcesBuildPhase;
			buildActionMask = 2147483647;
			files = (
			);
			runOnlyForDeploymentPostprocessing = 0;
		};
/* End PBXResourcesBuildPhase section */

/* Begin PBXSourcesBuildPhase section */
		1D1F0CBA2970B091005F9FB6 /* Sources */ = {
			isa = PBXSourcesBuildPhase;
			buildActionMask = 2147483647;
			files = (
				1D1F0CCA2970B751005F9FB6 /* SharedTestHelpers.swift in Sources */,
				1D1F0CC12970B091005F9FB6 /* EssentialFeedCacheIntegrationTests.swift in Sources */,
				1D1F0CC92970B73A005F9FB6 /* FeedCacheTestHelpers.swift in Sources */,
				1D1F0CC82970B536005F9FB6 /* XCTestCase+MemoryLeakTracking.swift in Sources */,
			);
			runOnlyForDeploymentPostprocessing = 0;
		};
		1D27B78729789AF500EFB55D /* Sources */ = {
			isa = PBXSourcesBuildPhase;
			buildActionMask = 2147483647;
			files = (
				1D27B7AC297B2ECD00EFB55D /* FeedViewController.swift in Sources */,
				1D27B7B0297E3E0900EFB55D /* UIView+Shimmering.swift in Sources */,
				1D27B7AE297B38C500EFB55D /* FeedImageCell.swift in Sources */,
				1D27B78F29789AF500EFB55D /* EssentialFeediOS.docc in Sources */,
			);
			runOnlyForDeploymentPostprocessing = 0;
		};
		1D27B79029789AF500EFB55D /* Sources */ = {
			isa = PBXSourcesBuildPhase;
			buildActionMask = 2147483647;
			files = (
				1D27B7A3297B1FFD00EFB55D /* FeedViewControllerTests.swift in Sources */,
				1D42CA02298C45FD0064EC49 /* UIButton+TestHelpers.swift in Sources */,
				1D42CA00298C452E0064EC49 /* UIRefreshControl+TestHelpers.swift in Sources */,
				1D42CA04298C46520064EC49 /* UIControl+TestHelpers.swift in Sources */,
				1D27B7AA297B251800EFB55D /* XCTestCase+MemoryLeakTracking.swift in Sources */,
				1D42C9FE298C44A10064EC49 /* UIImage+TestHelpers.swift in Sources */,
			);
			runOnlyForDeploymentPostprocessing = 0;
		};
		1DA65422292D7546004DEE8A /* Sources */ = {
			isa = PBXSourcesBuildPhase;
			buildActionMask = 2147483647;
			files = (
				1DA65429292D7547004DEE8A /* EssentialFeedAPIEndToEndTests.swift in Sources */,
				1DBBB3E1292D7EA900A70B39 /* XCTestCase+MemoryLeakTracking.swift in Sources */,
				84C1B11F296A473A0073AD86 /* SharedTestHelpers.swift in Sources */,
			);
			runOnlyForDeploymentPostprocessing = 0;
		};
		1DB0FFEF291F0082006A1A06 /* Sources */ = {
			isa = PBXSourcesBuildPhase;
			buildActionMask = 2147483647;
			files = (
				1D11188F295C1CFF00B3EAD3 /* LocalFeedImage.swift in Sources */,
				1D297B1A296F470A00A4472D /* FeedStore.xcdatamodeld in Sources */,
				1D6DD28A2936AF130055490B /* FeedStore.swift in Sources */,
				1DA65421292D6838004DEE8A /* URLSessionHTTPClient.swift in Sources */,
				1DB000162922E28F006A1A06 /* RemoteFeedLoader.swift in Sources */,
				1D4DC6552926D648004C689B /* HTTPClient.swift in Sources */,
				1D1F0CB52970A91C005F9FB6 /* CoreDataHelpers.swift in Sources */,
				1DB000102922CE5D006A1A06 /* FeedLoader.swift in Sources */,
				1D297B17296F447500A4472D /* CoreDataFeedStore.swift in Sources */,
				1D1F0CB72970A97C005F9FB6 /* ManagedCache.swift in Sources */,
				1D1F0CB92970A9C3005F9FB6 /* ManagedFeedImage.swift in Sources */,
				1D4DC6572926D6B7004C689B /* FeedItemsMapper.swift in Sources */,
				1D11188D295C1CB300B3EAD3 /* RemoteFeedItem.swift in Sources */,
				843BA083296BBE06002C963E /* CodableFeedStore.swift in Sources */,
				84090297296A85880090027F /* FeedCachePolicy.swift in Sources */,
				1DB0000E291F00C5006A1A06 /* FeedImage.swift in Sources */,
				1D6DD2882936AE730055490B /* LocalFeedLoader.swift in Sources */,
				1DB0FFF8291F0083006A1A06 /* EssentialFeed.docc in Sources */,
			);
			runOnlyForDeploymentPostprocessing = 0;
		};
		1DB0FFF9291F0083006A1A06 /* Sources */ = {
			isa = PBXSourcesBuildPhase;
			buildActionMask = 2147483647;
			files = (
				84B76FA9296AA21900449951 /* CodableFeedStoreTests.swift in Sources */,
				84C1B11E296A45FC0073AD86 /* SharedTestHelpers.swift in Sources */,
				1DFABB6F2967808B00B99974 /* ValidateFeedCacheUseCaseTests.swift in Sources */,
				1DB000132922D2D5006A1A06 /* LoadFeedFromRemoteUseCaseTests.swift in Sources */,
				1D297B10296F39A700A4472D /* XCTestCase+FailableInsertFeedStoreSpecs.swift in Sources */,
				1D4DC65C2928373D004C689B /* URLSessionHTTPClientTests.swift in Sources */,
				84C1B121296A47A50073AD86 /* FeedCacheTestHelpers.swift in Sources */,
				1D6043EE2964AD790082EC21 /* FeedStoreSpy.swift in Sources */,
				1D6DD28529355C430055490B /* CacheFeedUseCaseTests.swift in Sources */,
				1D297B12296F3A3300A4472D /* XCTestCase+FailableDeleteFeedStoreSpecs.swift in Sources */,
				1D297B0E296F391A00A4472D /* XCTestCase+FailableRetrieveFeedStoreSpecs.swift in Sources */,
				1D6043EB2964ABFB0082EC21 /* LoadFeedFromCacheUseCaseTests.swift in Sources */,
				1D297B0A296F24D400A4472D /* FeedStoreSpecs.swift in Sources */,
				1DA6541F292D2CD5004DEE8A /* XCTestCase+MemoryLeakTracking.swift in Sources */,
				1D297B15296F424C00A4472D /* CoreDataFeedStoreTests.swift in Sources */,
				1D297B0C296F25DA00A4472D /* XCTestCase+FeedStoreSpecs.swift in Sources */,
			);
			runOnlyForDeploymentPostprocessing = 0;
		};
/* End PBXSourcesBuildPhase section */

/* Begin PBXTargetDependency section */
		1D1F0CC42970B091005F9FB6 /* PBXTargetDependency */ = {
			isa = PBXTargetDependency;
			target = 1DB0FFF2291F0082006A1A06 /* EssentialFeed */;
			targetProxy = 1D1F0CC32970B091005F9FB6 /* PBXContainerItemProxy */;
		};
		1D27B79729789AF500EFB55D /* PBXTargetDependency */ = {
			isa = PBXTargetDependency;
			target = 1D27B78A29789AF500EFB55D /* EssentialFeediOS */;
			targetProxy = 1D27B79629789AF500EFB55D /* PBXContainerItemProxy */;
		};
		1D27B7A8297B240F00EFB55D /* PBXTargetDependency */ = {
			isa = PBXTargetDependency;
			platformFilter = ios;
			target = 1DB0FFF2291F0082006A1A06 /* EssentialFeed */;
			targetProxy = 1D27B7A7297B240F00EFB55D /* PBXContainerItemProxy */;
		};
		1DA6542C292D7547004DEE8A /* PBXTargetDependency */ = {
			isa = PBXTargetDependency;
			target = 1DB0FFF2291F0082006A1A06 /* EssentialFeed */;
			targetProxy = 1DA6542B292D7547004DEE8A /* PBXContainerItemProxy */;
		};
		1DB00000291F0083006A1A06 /* PBXTargetDependency */ = {
			isa = PBXTargetDependency;
			target = 1DB0FFF2291F0082006A1A06 /* EssentialFeed */;
			targetProxy = 1DB0FFFF291F0083006A1A06 /* PBXContainerItemProxy */;
		};
/* End PBXTargetDependency section */

/* Begin XCBuildConfiguration section */
		1D1F0CC62970B091005F9FB6 /* Debug */ = {
			isa = XCBuildConfiguration;
			buildSettings = {
				CLANG_CXX_LANGUAGE_STANDARD = "gnu++20";
				CODE_SIGN_STYLE = Automatic;
				CURRENT_PROJECT_VERSION = 1;
				DEVELOPMENT_TEAM = YRGC34CZTL;
				GENERATE_INFOPLIST_FILE = YES;
				MACOSX_DEPLOYMENT_TARGET = 12.6;
				MARKETING_VERSION = 1.0;
				PRODUCT_BUNDLE_IDENTIFIER = com.alexandersundiev.EssentialFeedCacheIntegrationTests;
				PRODUCT_NAME = "$(TARGET_NAME)";
				SUPPORTED_PLATFORMS = "macosx iphonesimulator iphoneos";
				SWIFT_EMIT_LOC_STRINGS = NO;
				SWIFT_VERSION = 5.0;
			};
			name = Debug;
		};
		1D1F0CC72970B091005F9FB6 /* Release */ = {
			isa = XCBuildConfiguration;
			buildSettings = {
				CLANG_CXX_LANGUAGE_STANDARD = "gnu++20";
				CODE_SIGN_STYLE = Automatic;
				CURRENT_PROJECT_VERSION = 1;
				DEVELOPMENT_TEAM = YRGC34CZTL;
				GENERATE_INFOPLIST_FILE = YES;
				MACOSX_DEPLOYMENT_TARGET = 12.6;
				MARKETING_VERSION = 1.0;
				PRODUCT_BUNDLE_IDENTIFIER = com.alexandersundiev.EssentialFeedCacheIntegrationTests;
				PRODUCT_NAME = "$(TARGET_NAME)";
				SUPPORTED_PLATFORMS = "macosx iphonesimulator iphoneos";
				SWIFT_EMIT_LOC_STRINGS = NO;
				SWIFT_VERSION = 5.0;
			};
			name = Release;
		};
		1D27B79D29789AF600EFB55D /* Debug */ = {
			isa = XCBuildConfiguration;
			buildSettings = {
				CLANG_CXX_LANGUAGE_STANDARD = "gnu++20";
				CODE_SIGN_STYLE = Automatic;
				CURRENT_PROJECT_VERSION = 1;
				DEFINES_MODULE = YES;
				DEVELOPMENT_TEAM = YRGC34CZTL;
				DYLIB_COMPATIBILITY_VERSION = 1;
				DYLIB_CURRENT_VERSION = 1;
				DYLIB_INSTALL_NAME_BASE = "@rpath";
				GENERATE_INFOPLIST_FILE = YES;
				INFOPLIST_KEY_NSHumanReadableCopyright = "";
				INSTALL_PATH = "$(LOCAL_LIBRARY_DIR)/Frameworks";
				IPHONEOS_DEPLOYMENT_TARGET = 16.2;
				LD_RUNPATH_SEARCH_PATHS = (
					"$(inherited)",
					"@executable_path/Frameworks",
					"@loader_path/Frameworks",
				);
				MARKETING_VERSION = 1.0;
				PRODUCT_BUNDLE_IDENTIFIER = com.alexandersundiev.EssentialFeediOS;
				PRODUCT_NAME = "$(TARGET_NAME:c99extidentifier)";
				SDKROOT = iphoneos;
				SKIP_INSTALL = YES;
				SWIFT_EMIT_LOC_STRINGS = YES;
				SWIFT_VERSION = 5.0;
				TARGETED_DEVICE_FAMILY = "1,2";
			};
			name = Debug;
		};
		1D27B79E29789AF600EFB55D /* Release */ = {
			isa = XCBuildConfiguration;
			buildSettings = {
				CLANG_CXX_LANGUAGE_STANDARD = "gnu++20";
				CODE_SIGN_STYLE = Automatic;
				CURRENT_PROJECT_VERSION = 1;
				DEFINES_MODULE = YES;
				DEVELOPMENT_TEAM = M8TURMP4NS;
				DYLIB_COMPATIBILITY_VERSION = 1;
				DYLIB_CURRENT_VERSION = 1;
				DYLIB_INSTALL_NAME_BASE = "@rpath";
				GENERATE_INFOPLIST_FILE = YES;
				INFOPLIST_KEY_NSHumanReadableCopyright = "";
				INSTALL_PATH = "$(LOCAL_LIBRARY_DIR)/Frameworks";
				IPHONEOS_DEPLOYMENT_TARGET = 16.2;
				LD_RUNPATH_SEARCH_PATHS = (
					"$(inherited)",
					"@executable_path/Frameworks",
					"@loader_path/Frameworks",
				);
				MARKETING_VERSION = 1.0;
				PRODUCT_BUNDLE_IDENTIFIER = com.alexandersundiev.EssentialFeediOS;
				PRODUCT_NAME = "$(TARGET_NAME:c99extidentifier)";
				SDKROOT = iphoneos;
				SKIP_INSTALL = YES;
				SWIFT_EMIT_LOC_STRINGS = YES;
				SWIFT_VERSION = 5.0;
				TARGETED_DEVICE_FAMILY = "1,2";
				VALIDATE_PRODUCT = YES;
			};
			name = Release;
		};
		1D27B7A029789AF600EFB55D /* Debug */ = {
			isa = XCBuildConfiguration;
			buildSettings = {
				ALWAYS_EMBED_SWIFT_STANDARD_LIBRARIES = YES;
				CLANG_CXX_LANGUAGE_STANDARD = "gnu++20";
				CLANG_ENABLE_MODULES = YES;
				CODE_SIGN_STYLE = Automatic;
				CURRENT_PROJECT_VERSION = 1;
				DEVELOPMENT_TEAM = YRGC34CZTL;
				GENERATE_INFOPLIST_FILE = YES;
				IPHONEOS_DEPLOYMENT_TARGET = 16.2;
				LD_RUNPATH_SEARCH_PATHS = (
					"$(inherited)",
					"@executable_path/Frameworks",
					"@loader_path/Frameworks",
				);
				MARKETING_VERSION = 1.0;
				PRODUCT_BUNDLE_IDENTIFIER = com.alexandersundiev.EssentialFeediOSTests;
				PRODUCT_NAME = "$(TARGET_NAME)";
				SDKROOT = iphoneos;
				SWIFT_EMIT_LOC_STRINGS = NO;
				SWIFT_OPTIMIZATION_LEVEL = "-Onone";
				SWIFT_VERSION = 5.0;
				TARGETED_DEVICE_FAMILY = "1,2";
			};
			name = Debug;
		};
		1D27B7A129789AF600EFB55D /* Release */ = {
			isa = XCBuildConfiguration;
			buildSettings = {
				ALWAYS_EMBED_SWIFT_STANDARD_LIBRARIES = YES;
				CLANG_CXX_LANGUAGE_STANDARD = "gnu++20";
				CLANG_ENABLE_MODULES = YES;
				CODE_SIGN_STYLE = Automatic;
				CURRENT_PROJECT_VERSION = 1;
				DEVELOPMENT_TEAM = M8TURMP4NS;
				GENERATE_INFOPLIST_FILE = YES;
				IPHONEOS_DEPLOYMENT_TARGET = 16.2;
				LD_RUNPATH_SEARCH_PATHS = (
					"$(inherited)",
					"@executable_path/Frameworks",
					"@loader_path/Frameworks",
				);
				MARKETING_VERSION = 1.0;
				PRODUCT_BUNDLE_IDENTIFIER = com.alexandersundiev.EssentialFeediOSTests;
				PRODUCT_NAME = "$(TARGET_NAME)";
				SDKROOT = iphoneos;
				SWIFT_EMIT_LOC_STRINGS = NO;
				SWIFT_VERSION = 5.0;
				TARGETED_DEVICE_FAMILY = "1,2";
				VALIDATE_PRODUCT = YES;
			};
			name = Release;
		};
		1DA6542E292D7547004DEE8A /* Debug */ = {
			isa = XCBuildConfiguration;
			buildSettings = {
				CLANG_CXX_LANGUAGE_STANDARD = "gnu++20";
				CODE_SIGN_STYLE = Automatic;
				CURRENT_PROJECT_VERSION = 1;
				DEVELOPMENT_TEAM = YRGC34CZTL;
				GENERATE_INFOPLIST_FILE = YES;
				MACOSX_DEPLOYMENT_TARGET = 12.6;
				MARKETING_VERSION = 1.0;
				PRODUCT_BUNDLE_IDENTIFIER = com.alexandersundiev.EssentialFeedAPIEndToEndTests;
				PRODUCT_NAME = "$(TARGET_NAME)";
				SUPPORTED_PLATFORMS = "macosx iphonesimulator iphoneos";
				SWIFT_EMIT_LOC_STRINGS = NO;
				SWIFT_VERSION = 5.0;
			};
			name = Debug;
		};
		1DA6542F292D7547004DEE8A /* Release */ = {
			isa = XCBuildConfiguration;
			buildSettings = {
				CLANG_CXX_LANGUAGE_STANDARD = "gnu++20";
				CODE_SIGN_STYLE = Automatic;
				CURRENT_PROJECT_VERSION = 1;
				DEVELOPMENT_TEAM = YRGC34CZTL;
				GENERATE_INFOPLIST_FILE = YES;
				MACOSX_DEPLOYMENT_TARGET = 12.6;
				MARKETING_VERSION = 1.0;
				PRODUCT_BUNDLE_IDENTIFIER = com.alexandersundiev.EssentialFeedAPIEndToEndTests;
				PRODUCT_NAME = "$(TARGET_NAME)";
				SUPPORTED_PLATFORMS = "macosx iphonesimulator iphoneos";
				SWIFT_EMIT_LOC_STRINGS = NO;
				SWIFT_VERSION = 5.0;
			};
			name = Release;
		};
		1DB00005291F0083006A1A06 /* Debug */ = {
			isa = XCBuildConfiguration;
			buildSettings = {
				ALWAYS_SEARCH_USER_PATHS = NO;
				CLANG_ANALYZER_NONNULL = YES;
				CLANG_ANALYZER_NUMBER_OBJECT_CONVERSION = YES_AGGRESSIVE;
				CLANG_CXX_LANGUAGE_STANDARD = "gnu++17";
				CLANG_ENABLE_MODULES = YES;
				CLANG_ENABLE_OBJC_ARC = YES;
				CLANG_ENABLE_OBJC_WEAK = YES;
				CLANG_WARN_BLOCK_CAPTURE_AUTORELEASING = YES;
				CLANG_WARN_BOOL_CONVERSION = YES;
				CLANG_WARN_COMMA = YES;
				CLANG_WARN_CONSTANT_CONVERSION = YES;
				CLANG_WARN_DEPRECATED_OBJC_IMPLEMENTATIONS = YES;
				CLANG_WARN_DIRECT_OBJC_ISA_USAGE = YES_ERROR;
				CLANG_WARN_DOCUMENTATION_COMMENTS = YES;
				CLANG_WARN_EMPTY_BODY = YES;
				CLANG_WARN_ENUM_CONVERSION = YES;
				CLANG_WARN_INFINITE_RECURSION = YES;
				CLANG_WARN_INT_CONVERSION = YES;
				CLANG_WARN_NON_LITERAL_NULL_CONVERSION = YES;
				CLANG_WARN_OBJC_IMPLICIT_RETAIN_SELF = YES;
				CLANG_WARN_OBJC_LITERAL_CONVERSION = YES;
				CLANG_WARN_OBJC_ROOT_CLASS = YES_ERROR;
				CLANG_WARN_QUOTED_INCLUDE_IN_FRAMEWORK_HEADER = YES;
				CLANG_WARN_RANGE_LOOP_ANALYSIS = YES;
				CLANG_WARN_STRICT_PROTOTYPES = YES;
				CLANG_WARN_SUSPICIOUS_MOVE = YES;
				CLANG_WARN_UNGUARDED_AVAILABILITY = YES_AGGRESSIVE;
				CLANG_WARN_UNREACHABLE_CODE = YES;
				CLANG_WARN__DUPLICATE_METHOD_MATCH = YES;
				COPY_PHASE_STRIP = NO;
				CURRENT_PROJECT_VERSION = 1;
				DEAD_CODE_STRIPPING = YES;
				DEBUG_INFORMATION_FORMAT = dwarf;
				ENABLE_STRICT_OBJC_MSGSEND = YES;
				ENABLE_TESTABILITY = YES;
				GCC_C_LANGUAGE_STANDARD = gnu11;
				GCC_DYNAMIC_NO_PIC = NO;
				GCC_NO_COMMON_BLOCKS = YES;
				GCC_OPTIMIZATION_LEVEL = 0;
				GCC_PREPROCESSOR_DEFINITIONS = (
					"DEBUG=1",
					"$(inherited)",
				);
				GCC_WARN_64_TO_32_BIT_CONVERSION = YES;
				GCC_WARN_ABOUT_RETURN_TYPE = YES_ERROR;
				GCC_WARN_UNDECLARED_SELECTOR = YES;
				GCC_WARN_UNINITIALIZED_AUTOS = YES_AGGRESSIVE;
				GCC_WARN_UNUSED_FUNCTION = YES;
				GCC_WARN_UNUSED_VARIABLE = YES;
				MACOSX_DEPLOYMENT_TARGET = 12.6;
				MTL_ENABLE_DEBUG_INFO = INCLUDE_SOURCE;
				MTL_FAST_MATH = YES;
				ONLY_ACTIVE_ARCH = YES;
				SDKROOT = macosx;
				SWIFT_ACTIVE_COMPILATION_CONDITIONS = DEBUG;
				SWIFT_OPTIMIZATION_LEVEL = "-Onone";
				SWIFT_VERSION = 5.0;
				VERSIONING_SYSTEM = "apple-generic";
				VERSION_INFO_PREFIX = "";
			};
			name = Debug;
		};
		1DB00006291F0083006A1A06 /* Release */ = {
			isa = XCBuildConfiguration;
			buildSettings = {
				ALWAYS_SEARCH_USER_PATHS = NO;
				CLANG_ANALYZER_NONNULL = YES;
				CLANG_ANALYZER_NUMBER_OBJECT_CONVERSION = YES_AGGRESSIVE;
				CLANG_CXX_LANGUAGE_STANDARD = "gnu++17";
				CLANG_ENABLE_MODULES = YES;
				CLANG_ENABLE_OBJC_ARC = YES;
				CLANG_ENABLE_OBJC_WEAK = YES;
				CLANG_WARN_BLOCK_CAPTURE_AUTORELEASING = YES;
				CLANG_WARN_BOOL_CONVERSION = YES;
				CLANG_WARN_COMMA = YES;
				CLANG_WARN_CONSTANT_CONVERSION = YES;
				CLANG_WARN_DEPRECATED_OBJC_IMPLEMENTATIONS = YES;
				CLANG_WARN_DIRECT_OBJC_ISA_USAGE = YES_ERROR;
				CLANG_WARN_DOCUMENTATION_COMMENTS = YES;
				CLANG_WARN_EMPTY_BODY = YES;
				CLANG_WARN_ENUM_CONVERSION = YES;
				CLANG_WARN_INFINITE_RECURSION = YES;
				CLANG_WARN_INT_CONVERSION = YES;
				CLANG_WARN_NON_LITERAL_NULL_CONVERSION = YES;
				CLANG_WARN_OBJC_IMPLICIT_RETAIN_SELF = YES;
				CLANG_WARN_OBJC_LITERAL_CONVERSION = YES;
				CLANG_WARN_OBJC_ROOT_CLASS = YES_ERROR;
				CLANG_WARN_QUOTED_INCLUDE_IN_FRAMEWORK_HEADER = YES;
				CLANG_WARN_RANGE_LOOP_ANALYSIS = YES;
				CLANG_WARN_STRICT_PROTOTYPES = YES;
				CLANG_WARN_SUSPICIOUS_MOVE = YES;
				CLANG_WARN_UNGUARDED_AVAILABILITY = YES_AGGRESSIVE;
				CLANG_WARN_UNREACHABLE_CODE = YES;
				CLANG_WARN__DUPLICATE_METHOD_MATCH = YES;
				COPY_PHASE_STRIP = NO;
				CURRENT_PROJECT_VERSION = 1;
				DEAD_CODE_STRIPPING = YES;
				DEBUG_INFORMATION_FORMAT = "dwarf-with-dsym";
				ENABLE_NS_ASSERTIONS = NO;
				ENABLE_STRICT_OBJC_MSGSEND = YES;
				GCC_C_LANGUAGE_STANDARD = gnu11;
				GCC_NO_COMMON_BLOCKS = YES;
				GCC_WARN_64_TO_32_BIT_CONVERSION = YES;
				GCC_WARN_ABOUT_RETURN_TYPE = YES_ERROR;
				GCC_WARN_UNDECLARED_SELECTOR = YES;
				GCC_WARN_UNINITIALIZED_AUTOS = YES_AGGRESSIVE;
				GCC_WARN_UNUSED_FUNCTION = YES;
				GCC_WARN_UNUSED_VARIABLE = YES;
				MACOSX_DEPLOYMENT_TARGET = 12.6;
				MTL_ENABLE_DEBUG_INFO = NO;
				MTL_FAST_MATH = YES;
				SDKROOT = macosx;
				SWIFT_COMPILATION_MODE = wholemodule;
				SWIFT_OPTIMIZATION_LEVEL = "-O";
				SWIFT_VERSION = 5.0;
				VERSIONING_SYSTEM = "apple-generic";
				VERSION_INFO_PREFIX = "";
			};
			name = Release;
		};
		1DB00008291F0083006A1A06 /* Debug */ = {
			isa = XCBuildConfiguration;
			buildSettings = {
				"CODE_SIGN_IDENTITY[sdk=macosx*]" = "-";
				CODE_SIGN_STYLE = Automatic;
				COMBINE_HIDPI_IMAGES = YES;
				CURRENT_PROJECT_VERSION = 1;
				DEAD_CODE_STRIPPING = YES;
				DEFINES_MODULE = YES;
				DEVELOPMENT_TEAM = YRGC34CZTL;
				DYLIB_COMPATIBILITY_VERSION = 1;
				DYLIB_CURRENT_VERSION = 1;
				DYLIB_INSTALL_NAME_BASE = "@rpath";
				GENERATE_INFOPLIST_FILE = YES;
				INFOPLIST_KEY_NSHumanReadableCopyright = "";
				INSTALL_PATH = "$(LOCAL_LIBRARY_DIR)/Frameworks";
				LD_RUNPATH_SEARCH_PATHS = (
					"$(inherited)",
					"@executable_path/../Frameworks",
					"@loader_path/Frameworks",
				);
				MACOSX_DEPLOYMENT_TARGET = 12.6;
				MARKETING_VERSION = 1.0;
				PRODUCT_BUNDLE_IDENTIFIER = com.alexandersundiev.EssentialFeed;
				PRODUCT_NAME = "$(TARGET_NAME:c99extidentifier)";
				SKIP_INSTALL = YES;
				SUPPORTED_PLATFORMS = "macosx iphonesimulator iphoneos";
				SWIFT_EMIT_LOC_STRINGS = YES;
				SWIFT_VERSION = 5.0;
			};
			name = Debug;
		};
		1DB00009291F0083006A1A06 /* Release */ = {
			isa = XCBuildConfiguration;
			buildSettings = {
				"CODE_SIGN_IDENTITY[sdk=macosx*]" = "-";
				CODE_SIGN_STYLE = Automatic;
				COMBINE_HIDPI_IMAGES = YES;
				CURRENT_PROJECT_VERSION = 1;
				DEAD_CODE_STRIPPING = YES;
				DEFINES_MODULE = YES;
				DEVELOPMENT_TEAM = YRGC34CZTL;
				DYLIB_COMPATIBILITY_VERSION = 1;
				DYLIB_CURRENT_VERSION = 1;
				DYLIB_INSTALL_NAME_BASE = "@rpath";
				GENERATE_INFOPLIST_FILE = YES;
				INFOPLIST_KEY_NSHumanReadableCopyright = "";
				INSTALL_PATH = "$(LOCAL_LIBRARY_DIR)/Frameworks";
				LD_RUNPATH_SEARCH_PATHS = (
					"$(inherited)",
					"@executable_path/../Frameworks",
					"@loader_path/Frameworks",
				);
				MACOSX_DEPLOYMENT_TARGET = 12.6;
				MARKETING_VERSION = 1.0;
				PRODUCT_BUNDLE_IDENTIFIER = com.alexandersundiev.EssentialFeed;
				PRODUCT_NAME = "$(TARGET_NAME:c99extidentifier)";
				SKIP_INSTALL = YES;
				SUPPORTED_PLATFORMS = "macosx iphonesimulator iphoneos";
				SWIFT_EMIT_LOC_STRINGS = YES;
				SWIFT_VERSION = 5.0;
			};
			name = Release;
		};
		1DB0000B291F0083006A1A06 /* Debug */ = {
			isa = XCBuildConfiguration;
			buildSettings = {
				ALWAYS_EMBED_SWIFT_STANDARD_LIBRARIES = YES;
				CODE_SIGN_STYLE = Automatic;
				CURRENT_PROJECT_VERSION = 1;
				DEAD_CODE_STRIPPING = YES;
				DEVELOPMENT_TEAM = YRGC34CZTL;
				GENERATE_INFOPLIST_FILE = YES;
				MACOSX_DEPLOYMENT_TARGET = 12.6;
				MARKETING_VERSION = 1.0;
				PRODUCT_BUNDLE_IDENTIFIER = com.alexandersundiev.EssentialFeedTests;
				PRODUCT_NAME = "$(TARGET_NAME)";
				SUPPORTED_PLATFORMS = "macosx iphonesimulator iphoneos";
				SWIFT_EMIT_LOC_STRINGS = NO;
				SWIFT_VERSION = 5.0;
			};
			name = Debug;
		};
		1DB0000C291F0083006A1A06 /* Release */ = {
			isa = XCBuildConfiguration;
			buildSettings = {
				ALWAYS_EMBED_SWIFT_STANDARD_LIBRARIES = YES;
				CODE_SIGN_STYLE = Automatic;
				CURRENT_PROJECT_VERSION = 1;
				DEAD_CODE_STRIPPING = YES;
				DEVELOPMENT_TEAM = YRGC34CZTL;
				GENERATE_INFOPLIST_FILE = YES;
				MACOSX_DEPLOYMENT_TARGET = 12.6;
				MARKETING_VERSION = 1.0;
				PRODUCT_BUNDLE_IDENTIFIER = com.alexandersundiev.EssentialFeedTests;
				PRODUCT_NAME = "$(TARGET_NAME)";
				SUPPORTED_PLATFORMS = "macosx iphonesimulator iphoneos";
				SWIFT_EMIT_LOC_STRINGS = NO;
				SWIFT_VERSION = 5.0;
			};
			name = Release;
		};
/* End XCBuildConfiguration section */

/* Begin XCConfigurationList section */
		1D1F0CC52970B091005F9FB6 /* Build configuration list for PBXNativeTarget "EssentialFeedCacheIntegrationTests" */ = {
			isa = XCConfigurationList;
			buildConfigurations = (
				1D1F0CC62970B091005F9FB6 /* Debug */,
				1D1F0CC72970B091005F9FB6 /* Release */,
			);
			defaultConfigurationIsVisible = 0;
			defaultConfigurationName = Release;
		};
		1D27B79C29789AF600EFB55D /* Build configuration list for PBXNativeTarget "EssentialFeediOS" */ = {
			isa = XCConfigurationList;
			buildConfigurations = (
				1D27B79D29789AF600EFB55D /* Debug */,
				1D27B79E29789AF600EFB55D /* Release */,
			);
			defaultConfigurationIsVisible = 0;
			defaultConfigurationName = Release;
		};
		1D27B79F29789AF600EFB55D /* Build configuration list for PBXNativeTarget "EssentialFeediOSTests" */ = {
			isa = XCConfigurationList;
			buildConfigurations = (
				1D27B7A029789AF600EFB55D /* Debug */,
				1D27B7A129789AF600EFB55D /* Release */,
			);
			defaultConfigurationIsVisible = 0;
			defaultConfigurationName = Release;
		};
		1DA6542D292D7547004DEE8A /* Build configuration list for PBXNativeTarget "EssentialFeedAPIEndToEndTests" */ = {
			isa = XCConfigurationList;
			buildConfigurations = (
				1DA6542E292D7547004DEE8A /* Debug */,
				1DA6542F292D7547004DEE8A /* Release */,
			);
			defaultConfigurationIsVisible = 0;
			defaultConfigurationName = Release;
		};
		1DB00007291F0083006A1A06 /* Build configuration list for PBXNativeTarget "EssentialFeed" */ = {
			isa = XCConfigurationList;
			buildConfigurations = (
				1DB00008291F0083006A1A06 /* Debug */,
				1DB00009291F0083006A1A06 /* Release */,
			);
			defaultConfigurationIsVisible = 0;
			defaultConfigurationName = Release;
		};
		1DB0000A291F0083006A1A06 /* Build configuration list for PBXNativeTarget "EssentialFeedTests" */ = {
			isa = XCConfigurationList;
			buildConfigurations = (
				1DB0000B291F0083006A1A06 /* Debug */,
				1DB0000C291F0083006A1A06 /* Release */,
			);
			defaultConfigurationIsVisible = 0;
			defaultConfigurationName = Release;
		};
		1DB0FFED291F0082006A1A06 /* Build configuration list for PBXProject "EssentialFeed" */ = {
			isa = XCConfigurationList;
			buildConfigurations = (
				1DB00005291F0083006A1A06 /* Debug */,
				1DB00006291F0083006A1A06 /* Release */,
			);
			defaultConfigurationIsVisible = 0;
			defaultConfigurationName = Release;
		};
/* End XCConfigurationList section */

/* Begin XCVersionGroup section */
		1D297B18296F470A00A4472D /* FeedStore.xcdatamodeld */ = {
			isa = XCVersionGroup;
			children = (
				1D297B19296F470A00A4472D /* FeedStore.xcdatamodel */,
			);
			currentVersion = 1D297B19296F470A00A4472D /* FeedStore.xcdatamodel */;
			path = FeedStore.xcdatamodeld;
			sourceTree = "<group>";
			versionGroupType = wrapper.xcdatamodel;
		};
/* End XCVersionGroup section */
	};
	rootObject = 1DB0FFEA291F0082006A1A06 /* Project object */;
}
